
Microsoft Visual Studio Solution File, Format Version 10.00
# Visual Studio 2008
Project("{8BC9CEB8-8B4A-11D0-8D11-00A0C91BC942}") = "EngineCore", "EngineCore\VC2008EngineCore.vcproj", "{207B1BF3-3503-4C5F-A8B7-7378C61CA0A1}"
EndProject
Project("{8BC9CEB8-8B4A-11D0-8D11-00A0C91BC942}") = "Sound", "Media\Sound\VC2008Sound.vcproj", "{F1194937-24A6-425B-BDFA-E4B47B6CA385}"
EndProject
Project("{8BC9CEB8-8B4A-11D0-8D11-00A0C91BC942}") = "Model", "Model\VC2008Model.vcproj", "{9C205B68-B380-418C-8422-50BEE76017CF}"
EndProject
Project("{8BC9CEB8-8B4A-11D0-8D11-00A0C91BC942}") = "UI", "UI\VC2008UI.vcproj", "{F604143C-01E8-4DDC-A06D-C577F2CA7052}"
EndProject
Project("{8BC9CEB8-8B4A-11D0-8D11-00A0C91BC942}") = "Freetype", "Render\Freetype\VC2008freetype.vcproj", "{78B079BD-9FC7-4B9E-B4A6-96DA0F00248B}"
EndProject
Project("{8BC9CEB8-8B4A-11D0-8D11-00A0C91BC942}") = "RenderSystem", "Render\RenderSystem\VC2008RenderSystem.vcproj", "{67E8BE2E-F68E-473E-AECB-1A6DA07E7AB6}"
EndProject
Project("{8BC9CEB8-8B4A-11D0-8D11-00A0C91BC942}") = "RenderSystemDX9", "Render\RenderSystemDX9\VC2008RenderSystemDX9.vcproj", "{6CBDDBA0-9652-41E5-8FB4-79CE71041D1C}"
EndProject
Global
	GlobalSection(SolutionConfigurationPlatforms) = preSolution
		Debug Multithreaded|Win32 = Debug Multithreaded|Win32
		Debug Singlethreaded|Win32 = Debug Singlethreaded|Win32
		Debug|Win32 = Debug|Win32
		Release Multithreaded|Win32 = Release Multithreaded|Win32
		Release Singlethreaded|Win32 = Release Singlethreaded|Win32
		Release|Win32 = Release|Win32
	EndGlobalSection
	GlobalSection(ProjectConfigurationPlatforms) = postSolution
		{207B1BF3-3503-4C5F-A8B7-7378C61CA0A1}.Debug Multithreaded|Win32.ActiveCfg = Debug|Win32
		{207B1BF3-3503-4C5F-A8B7-7378C61CA0A1}.Debug Multithreaded|Win32.Build.0 = Debug|Win32
		{207B1BF3-3503-4C5F-A8B7-7378C61CA0A1}.Debug Singlethreaded|Win32.ActiveCfg = Debug|Win32
		{207B1BF3-3503-4C5F-A8B7-7378C61CA0A1}.Debug Singlethreaded|Win32.Build.0 = Debug|Win32
		{207B1BF3-3503-4C5F-A8B7-7378C61CA0A1}.Debug|Win32.ActiveCfg = Debug|Win32
		{207B1BF3-3503-4C5F-A8B7-7378C61CA0A1}.Debug|Win32.Build.0 = Debug|Win32
		{207B1BF3-3503-4C5F-A8B7-7378C61CA0A1}.Release Multithreaded|Win32.ActiveCfg = Release|Win32
		{207B1BF3-3503-4C5F-A8B7-7378C61CA0A1}.Release Multithreaded|Win32.Build.0 = Release|Win32
		{207B1BF3-3503-4C5F-A8B7-7378C61CA0A1}.Release Singlethreaded|Win32.ActiveCfg = Release|Win32
		{207B1BF3-3503-4C5F-A8B7-7378C61CA0A1}.Release Singlethreaded|Win32.Build.0 = Release|Win32
		{207B1BF3-3503-4C5F-A8B7-7378C61CA0A1}.Release|Win32.ActiveCfg = Release|Win32
		{207B1BF3-3503-4C5F-A8B7-7378C61CA0A1}.Release|Win32.Build.0 = Release|Win32
		{F1194937-24A6-425B-BDFA-E4B47B6CA385}.Debug Multithreaded|Win32.ActiveCfg = Debug|Win32
		{F1194937-24A6-425B-BDFA-E4B47B6CA385}.Debug Multithreaded|Win32.Build.0 = Debug|Win32
		{F1194937-24A6-425B-BDFA-E4B47B6CA385}.Debug Singlethreaded|Win32.ActiveCfg = Debug|Win32
		{F1194937-24A6-425B-BDFA-E4B47B6CA385}.Debug Singlethreaded|Win32.Build.0 = Debug|Win32
		{F1194937-24A6-425B-BDFA-E4B47B6CA385}.Debug|Win32.ActiveCfg = Debug|Win32
		{F1194937-24A6-425B-BDFA-E4B47B6CA385}.Debug|Win32.Build.0 = Debug|Win32
		{F1194937-24A6-425B-BDFA-E4B47B6CA385}.Release Multithreaded|Win32.ActiveCfg = Release|Win32
		{F1194937-24A6-425B-BDFA-E4B47B6CA385}.Release Multithreaded|Win32.Build.0 = Release|Win32
		{F1194937-24A6-425B-BDFA-E4B47B6CA385}.Release Singlethreaded|Win32.ActiveCfg = Release|Win32
		{F1194937-24A6-425B-BDFA-E4B47B6CA385}.Release Singlethreaded|Win32.Build.0 = Release|Win32
		{F1194937-24A6-425B-BDFA-E4B47B6CA385}.Release|Win32.ActiveCfg = Release|Win32
		{F1194937-24A6-425B-BDFA-E4B47B6CA385}.Release|Win32.Build.0 = Release|Win32
		{9C205B68-B380-418C-8422-50BEE76017CF}.Debug Multithreaded|Win32.ActiveCfg = Debug|Win32
		{9C205B68-B380-418C-8422-50BEE76017CF}.Debug Multithreaded|Win32.Build.0 = Debug|Win32
		{9C205B68-B380-418C-8422-50BEE76017CF}.Debug Singlethreaded|Win32.ActiveCfg = Debug|Win32
		{9C205B68-B380-418C-8422-50BEE76017CF}.Debug Singlethreaded|Win32.Build.0 = Debug|Win32
		{9C205B68-B380-418C-8422-50BEE76017CF}.Debug|Win32.ActiveCfg = Debug|Win32
		{9C205B68-B380-418C-8422-50BEE76017CF}.Debug|Win32.Build.0 = Debug|Win32
		{9C205B68-B380-418C-8422-50BEE76017CF}.Release Multithreaded|Win32.ActiveCfg = Release|Win32
		{9C205B68-B380-418C-8422-50BEE76017CF}.Release Multithreaded|Win32.Build.0 = Release|Win32
		{9C205B68-B380-418C-8422-50BEE76017CF}.Release Singlethreaded|Win32.ActiveCfg = Release|Win32
		{9C205B68-B380-418C-8422-50BEE76017CF}.Release Singlethreaded|Win32.Build.0 = Release|Win32
		{9C205B68-B380-418C-8422-50BEE76017CF}.Release|Win32.ActiveCfg = Release|Win32
		{9C205B68-B380-418C-8422-50BEE76017CF}.Release|Win32.Build.0 = Release|Win32
		{F604143C-01E8-4DDC-A06D-C577F2CA7052}.Debug Multithreaded|Win32.ActiveCfg = Debug|Win32
		{F604143C-01E8-4DDC-A06D-C577F2CA7052}.Debug Multithreaded|Win32.Build.0 = Debug|Win32
		{F604143C-01E8-4DDC-A06D-C577F2CA7052}.Debug Singlethreaded|Win32.ActiveCfg = Debug|Win32
		{F604143C-01E8-4DDC-A06D-C577F2CA7052}.Debug Singlethreaded|Win32.Build.0 = Debug|Win32
		{F604143C-01E8-4DDC-A06D-C577F2CA7052}.Debug|Win32.ActiveCfg = Debug|Win32
		{F604143C-01E8-4DDC-A06D-C577F2CA7052}.Debug|Win32.Build.0 = Debug|Win32
		{F604143C-01E8-4DDC-A06D-C577F2CA7052}.Release Multithreaded|Win32.ActiveCfg = Release|Win32
		{F604143C-01E8-4DDC-A06D-C577F2CA7052}.Release Multithreaded|Win32.Build.0 = Release|Win32
		{F604143C-01E8-4DDC-A06D-C577F2CA7052}.Release Singlethreaded|Win32.ActiveCfg = Release|Win32
		{F604143C-01E8-4DDC-A06D-C577F2CA7052}.Release Singlethreaded|Win32.Build.0 = Release|Win32
		{F604143C-01E8-4DDC-A06D-C577F2CA7052}.Release|Win32.ActiveCfg = Release|Win32
		{F604143C-01E8-4DDC-A06D-C577F2CA7052}.Release|Win32.Build.0 = Release|Win32
		{78B079BD-9FC7-4B9E-B4A6-96DA0F00248B}.Debug Multithreaded|Win32.ActiveCfg = Debug Multithreaded|Win32
		{78B079BD-9FC7-4B9E-B4A6-96DA0F00248B}.Debug Multithreaded|Win32.Build.0 = Debug Multithreaded|Win32
		{78B079BD-9FC7-4B9E-B4A6-96DA0F00248B}.Debug Singlethreaded|Win32.ActiveCfg = Debug Singlethreaded|Win32
		{78B079BD-9FC7-4B9E-B4A6-96DA0F00248B}.Debug Singlethreaded|Win32.Build.0 = Debug Singlethreaded|Win32
		{78B079BD-9FC7-4B9E-B4A6-96DA0F00248B}.Debug|Win32.ActiveCfg = Debug|Win32
		{78B079BD-9FC7-4B9E-B4A6-96DA0F00248B}.Debug|Win32.Build.0 = Debug|Win32
		{78B079BD-9FC7-4B9E-B4A6-96DA0F00248B}.Release Multithreaded|Win32.ActiveCfg = Release Multithreaded|Win32
		{78B079BD-9FC7-4B9E-B4A6-96DA0F00248B}.Release Multithreaded|Win32.Build.0 = Release Multithreaded|Win32
		{78B079BD-9FC7-4B9E-B4A6-96DA0F00248B}.Release Singlethreaded|Win32.ActiveCfg = Release Singlethreaded|Win32
		{78B079BD-9FC7-4B9E-B4A6-96DA0F00248B}.Release Singlethreaded|Win32.Build.0 = Release Singlethreaded|Win32
		{78B079BD-9FC7-4B9E-B4A6-96DA0F00248B}.Release|Win32.ActiveCfg = Release|Win32
		{78B079BD-9FC7-4B9E-B4A6-96DA0F00248B}.Release|Win32.Build.0 = Release|Win32
		{67E8BE2E-F68E-473E-AECB-1A6DA07E7AB6}.Debug Multithreaded|Win32.ActiveCfg = Debug|Win32
		{67E8BE2E-F68E-473E-AECB-1A6DA07E7AB6}.Debug Multithreaded|Win32.Build.0 = Debug|Win32
		{67E8BE2E-F68E-473E-AECB-1A6DA07E7AB6}.Debug Singlethreaded|Win32.ActiveCfg = Debug|Win32
		{67E8BE2E-F68E-473E-AECB-1A6DA07E7AB6}.Debug Singlethreaded|Win32.Build.0 = Debug|Win32
		{67E8BE2E-F68E-473E-AECB-1A6DA07E7AB6}.Debug|Win32.ActiveCfg = Debug|Win32
		{67E8BE2E-F68E-473E-AECB-1A6DA07E7AB6}.Debug|Win32.Build.0 = Debug|Win32
		{67E8BE2E-F68E-473E-AECB-1A6DA07E7AB6}.Release Multithreaded|Win32.ActiveCfg = Release|Win32
		{67E8BE2E-F68E-473E-AECB-1A6DA07E7AB6}.Release Multithreaded|Win32.Build.0 = Release|Win32
		{67E8BE2E-F68E-473E-AECB-1A6DA07E7AB6}.Release Singlethreaded|Win32.ActiveCfg = Release|Win32
		{67E8BE2E-F68E-473E-AECB-1A6DA07E7AB6}.Release Singlethreaded|Win32.Build.0 = Release|Win32
		{67E8BE2E-F68E-473E-AECB-1A6DA07E7AB6}.Release|Win32.ActiveCfg = Release|Win32
		{67E8BE2E-F68E-473E-AECB-1A6DA07E7AB6}.Release|Win32.Build.0 = Release|Win32
		{6CBDDBA0-9652-41E5-8FB4-79CE71041D1C}.Debug Multithreaded|Win32.ActiveCfg = Debug|Win32
		{6CBDDBA0-9652-41E5-8FB4-79CE71041D1C}.Debug Multithreaded|Win32.Build.0 = Debug|Win32
		{6CBDDBA0-9652-41E5-8FB4-79CE71041D1C}.Debug Singlethreaded|Win32.ActiveCfg = Debug|Win32
		{6CBDDBA0-9652-41E5-8FB4-79CE71041D1C}.Debug Singlethreaded|Win32.Build.0 = Debug|Win32
		{6CBDDBA0-9652-41E5-8FB4-79CE71041D1C}.Debug|Win32.ActiveCfg = Debug|Win32
		{6CBDDBA0-9652-41E5-8FB4-79CE71041D1C}.Debug|Win32.Build.0 = Debug|Win32
		{6CBDDBA0-9652-41E5-8FB4-79CE71041D1C}.Release Multithreaded|Win32.ActiveCfg = Release|Win32
		{6CBDDBA0-9652-41E5-8FB4-79CE71041D1C}.Release Multithreaded|Win32.Build.0 = Release|Win32
		{6CBDDBA0-9652-41E5-8FB4-79CE71041D1C}.Release Singlethreaded|Win32.ActiveCfg = Release|Win32
		{6CBDDBA0-9652-41E5-8FB4-79CE71041D1C}.Release Singlethreaded|Win32.Build.0 = Release|Win32
		{6CBDDBA0-9652-41E5-8FB4-79CE71041D1C}.Release|Win32.ActiveCfg = Release|Win32
		{6CBDDBA0-9652-41E5-8FB4-79CE71041D1C}.Release|Win32.Build.0 = Release|Win32
	EndGlobalSection
	GlobalSection(SolutionProperties) = preSolution
		HideSolutionNode = FALSE
	EndGlobalSection
EndGlobal
